{
  "name": "ajs-clone",
  "version": "1.0.0",
  "lockfileVersion": 3,
  "requires": true,
  "packages": {
    "": {
      "name": "ajs-clone",
      "version": "1.0.0",
      "license": "ISC",
      "dependencies": {
        "@polya008/ajs": "^1.1.0"
      }
    },
    "node_modules/@polya008/ajs": {
      "version": "1.1.0",
      "resolved": "https://npm.pkg.github.com/download/@polya008/ajs/1.1.0/e387c2bb1e70172b0adcd38bbd66b5fe8a256273",
      "integrity": "sha512-xtOomb4yhJQTIAC5uZ9Zj2dhMcDIjo//bNIo1jMfYLCGrhXx2rqjNZ9gfIuNsfEMAH2vmjeVUFnPZ6fdhhvngA==",
      "license": "ISC"
    }
  }
}
